PODS:
  - STGTISensorTag (1.0.2)

DEPENDENCIES:
  - STGTISensorTag (from `../STGTISensorTag`)

EXTERNAL SOURCES:
  STGTISensorTag:
    :path: ../STGTISensorTag

SPEC CHECKSUMS:
  STGTISensorTag: a7ce7a1a79cc123072334e58c63b63bdf4bcbe61

PODFILE CHECKSUM: a37300bd312ac86c2d6b27f83e2cd92e07dac75b

COCOAPODS: 1.0.0
