// !$*UTF8*$!
{
	archiveVersion = 1;
	classes = {
	};
	objectVersion = 46;
	objects = {

/* Begin PBXBuildFile section */
		2AF4EF341CE18880006C2AC7 /* AppDelegate.swift in Sources */ = {isa = PBXBuildFile; fileRef = 2AF4EF331CE18880006C2AC7 /* AppDelegate.swift */; };
		2AF4EF361CE18880006C2AC7 /* ViewController.swift in Sources */ = {isa = PBXBuildFile; fileRef = 2AF4EF351CE18880006C2AC7 /* ViewController.swift */; };
		2AF4EF391CE18880006C2AC7 /* Main.storyboard in Resources */ = {isa = PBXBuildFile; fileRef = 2AF4EF371CE18880006C2AC7 /* Main.storyboard */; };
		2AF4EF3B1CE18880006C2AC7 /* Assets.xcassets in Resources */ = {isa = PBXBuildFile; fileRef = 2AF4EF3A1CE18880006C2AC7 /* Assets.xcassets */; };
/* End PBXBuildFile section */

/* Begin PBXFileReference section */
		2AF4EF301CE18880006C2AC7 /* TISensorTag.app */ = {isa = PBXFileReference; explicitFileType = wrapper.application; includeInIndex = 0; path = TISensorTag.app; sourceTree = BUILT_PRODUCTS_DIR; };
		2AF4EF331CE18880006C2AC7 /* AppDelegate.swift */ = {isa = PBXFileReference; lastKnownFileType = sourcecode.swift; path = AppDelegate.swift; sourceTree = "<group>"; };
		2AF4EF351CE18880006C2AC7 /* ViewController.swift */ = {isa = PBXFileReference; lastKnownFileType = sourcecode.swift; path = ViewController.swift; sourceTree = "<group>"; };
		2AF4EF381CE18880006C2AC7 /* Base */ = {isa = PBXFileReference; lastKnownFileType = file.storyboard; name = Base; path = Base.lproj/Main.storyboard; sourceTree = "<group>"; };
		2AF4EF3A1CE18880006C2AC7 /* Assets.xcassets */ = {isa = PBXFileReference; lastKnownFileType = folder.assetcatalog; path = Assets.xcassets; sourceTree = "<group>"; };
		2AF4EF3C1CE18880006C2AC7 /* Info.plist */ = {isa = PBXFileReference; lastKnownFileType = text.plist.xml; path = Info.plist; sourceTree = "<group>"; };
/* End PBXFileReference section */

/* Begin PBXFrameworksBuildPhase section */
		2AF4EF2D1CE18880006C2AC7 /* Frameworks */ = {
			isa = PBXFrameworksBuildPhase;
			buildActionMask = 2147483647;
			files = (
			);
			runOnlyForDeploymentPostprocessing = 0;
		};
/* End PBXFrameworksBuildPhase section */

/* Begin PBXGroup section */
		2AF4EF271CE18880006C2AC7 = {
			isa = PBXGroup;
			children = (
				2AF4EF321CE18880006C2AC7 /* TISensorTag */,
				2AF4EF311CE18880006C2AC7 /* Products */,
			);
			sourceTree = "<group>";
		};
		2AF4EF311CE18880006C2AC7 /* Products */ = {
			isa = PBXGroup;
			children = (
				2AF4EF301CE18880006C2AC7 /* TISensorTag.app */,
			);
			name = Products;
			sourceTree = "<group>";
		};
		2AF4EF321CE18880006C2AC7 /* TISensorTag */ = {
			isa = PBXGroup;
			children = (
				2AF4EF331CE18880006C2AC7 /* AppDelegate.swift */,
				2AF4EF351CE18880006C2AC7 /* ViewController.swift */,
				2AF4EF371CE18880006C2AC7 /* Main.storyboard */,
				2AF4EF3A1CE18880006C2AC7 /* Assets.xcassets */,
				2AF4EF3C1CE18880006C2AC7 /* Info.plist */,
			);
			path = TISensorTag;
			sourceTree = "<group>";
		};
/* End PBXGroup section */

/* Begin PBXNativeTarget section */
		2AF4EF2F1CE18880006C2AC7 /* TISensorTag */ = {
			isa = PBXNativeTarget;
			buildConfigurationList = 2AF4EF3F1CE18880006C2AC7 /* Build configuration list for PBXNativeTarget "TISensorTag" */;
			buildPhases = (
				2AF4EF2C1CE18880006C2AC7 /* Sources */,
				2AF4EF2D1CE18880006C2AC7 /* Frameworks */,
				2AF4EF2E1CE18880006C2AC7 /* Resources */,
			);
			buildRules = (
			);
			dependencies = (
			);
			name = TISensorTag;
			productName = TISensorTag;
			productReference = 2AF4EF301CE18880006C2AC7 /* TISensorTag.app */;
			productType = "com.apple.product-type.application";
		};
/* End PBXNativeTarget section */

/* Begin PBXProject section */
		2AF4EF281CE18880006C2AC7 /* Project object */ = {
			isa = PBXProject;
			attributes = {
				LastSwiftUpdateCheck = 0730;
				LastUpgradeCheck = 0730;
				ORGANIZATIONNAME = "Andre Muis";
				TargetAttributes = {
					2AF4EF2F1CE18880006C2AC7 = {
						CreatedOnToolsVersion = 7.3.1;
						DevelopmentTeam = LN6BM2BQ5J;
					};
				};
			};
			buildConfigurationList = 2AF4EF2B1CE18880006C2AC7 /* Build configuration list for PBXProject "TISensorTag" */;
			compatibilityVersion = "Xcode 3.2";
			developmentRegion = English;
			hasScannedForEncodings = 0;
			knownRegions = (
				en,
				Base,
			);
			mainGroup = 2AF4EF271CE18880006C2AC7;
			productRefGroup = 2AF4EF311CE18880006C2AC7 /* Products */;
			projectDirPath = "";
			projectRoot = "";
			targets = (
				2AF4EF2F1CE18880006C2AC7 /* TISensorTag */,
			);
		};
/* End PBXProject section */

/* Begin PBXResourcesBuildPhase section */
		2AF4EF2E1CE18880006C2AC7 /* Resources */ = {
			isa = PBXResourcesBuildPhase;
			buildActionMask = 2147483647;
			files = (
				2AF4EF3B1CE18880006C2AC7 /* Assets.xcassets in Resources */,
				2AF4EF391CE18880006C2AC7 /* Main.storyboard in Resources */,
			);
			runOnlyForDeploymentPostprocessing = 0;
		};
/* End PBXResourcesBuildPhase section */

/* Begin PBXSourcesBuildPhase section */
		2AF4EF2C1CE18880006C2AC7 /* Sources */ = {
			isa = PBXSourcesBuildPhase;
			buildActionMask = 2147483647;
			files = (
				2AF4EF361CE18880006C2AC7 /* ViewController.swift in Sources */,
				2AF4EF341CE18880006C2AC7 /* AppDelegate.swift in Sources */,
			);
			runOnlyForDeploymentPostprocessing = 0;
		};
/* End PBXSourcesBuildPhase section */

/* Begin PBXVariantGroup section */
		2AF4EF371CE18880006C2AC7 /* Main.storyboard */ = {
			isa = PBXVariantGroup;
			children = (
				2AF4EF381CE18880006C2AC7 /* Base */,
			);
			name = Main.storyboard;
			sourceTree = "<group>";
		};
/* End PBXVariantGroup section */

/* Begin XCBuildConfiguration section */
		2AF4EF3D1CE18880006C2AC7 /* Debug */ = {
			isa = XCBuildConfiguration;
			buildSettings = {
				ALWAYS_SEARCH_USER_PATHS = NO;
				CLANG_ANALYZER_NONNULL = YES;
				CLANG_CXX_LANGUAGE_STANDARD = "gnu++0x";
				CLANG_CXX_LIBRARY = "libc++";
				CLANG_ENABLE_MODULES = YES;
				CLANG_ENABLE_OBJC_ARC = YES;
				CLANG_WARN_BOOL_CONVERSION = YES;
				CLANG_WARN_CONSTANT_CONVERSION = YES;
				CLANG_WARN_DIRECT_OBJC_ISA_USAGE = YES_ERROR;
				CLANG_WARN_EMPTY_BODY = YES;
				CLANG_WARN_ENUM_CONVERSION = YES;
				CLANG_WARN_INT_CONVERSION = YES;
				CLANG_WARN_OBJC_ROOT_CLASS = YES_ERROR;
				CLANG_WARN_UNREACHABLE_CODE = YES;
				CLANG_WARN__DUPLICATE_METHOD_MATCH = YES;
				COPY_PHASE_STRIP = NO;
				DEBUG_INFORMATION_FORMAT = dwarf;
				ENABLE_STRICT_OBJC_MSGSEND = YES;
				ENABLE_TESTABILITY = YES;
				GCC_C_LANGUAGE_STANDARD = gnu99;
				GCC_DYNAMIC_NO_PIC = NO;
				GCC_NO_COMMON_BLOCKS = YES;
				GCC_OPTIMIZATION_LEVEL = 0;
				GCC_PREPROCESSOR_DEFINITIONS = (
					"DEBUG=1",
					"$(inherited)",
				);
				GCC_WARN_64_TO_32_BIT_CONVERSION = YES;
				GCC_WARN_ABOUT_RETURN_TYPE = YES_ERROR;
				GCC_WARN_UNDECLARED_SELECTOR = YES;
				GCC_WARN_UNINITIALIZED_AUTOS = YES_AGGRESSIVE;
				GCC_WARN_UNUSED_FUNCTION = YES;
				GCC_WARN_UNUSED_VARIABLE = YES;
				MTL_ENABLE_DEBUG_INFO = YES;
				ONLY_ACTIVE_ARCH = YES;
				SDKROOT = appletvos;
				SWIFT_OPTIMIZATION_LEVEL = "-Onone";
				TARGETED_DEVICE_FAMILY = 3;
				TVOS_DEPLOYMENT_TARGET = 9.2;
			};
			name = Debug;
		};
		2AF4EF3E1CE18880006C2AC7 /* Release */ = {
			isa = XCBuildConfiguration;
			buildSettings = {
				ALWAYS_SEARCH_USER_PATHS = NO;
				CLANG_ANALYZER_NONNULL = YES;
				CLANG_CXX_LANGUAGE_STANDARD = "gnu++0x";
				CLANG_CXX_LIBRARY = "libc++";
				CLANG_ENABLE_MODULES = YES;
				CLANG_ENABLE_OBJC_ARC = YES;
				CLANG_WARN_BOOL_CONVERSION = YES;
				CLANG_WARN_CONSTANT_CONVERSION = YES;
				CLANG_WARN_DIRECT_OBJC_ISA_USAGE = YES_ERROR;
				CLANG_WARN_EMPTY_BODY = YES;
				CLANG_WARN_ENUM_CONVERSION = YES;
				CLANG_WARN_INT_CONVERSION = YES;
				CLANG_WARN_OBJC_ROOT_CLASS = YES_ERROR;
				CLANG_WARN_UNREACHABLE_CODE = YES;
				CLANG_WARN__DUPLICATE_METHOD_MATCH = YES;
				COPY_PHASE_STRIP = NO;
				DEBUG_INFORMATION_FORMAT = "dwarf-with-dsym";
				ENABLE_NS_ASSERTIONS = NO;
				ENABLE_STRICT_OBJC_MSGSEND = YES;
				GCC_C_LANGUAGE_STANDARD = gnu99;
				GCC_NO_COMMON_BLOCKS = YES;
				GCC_WARN_64_TO_32_BIT_CONVERSION = YES;
				GCC_WARN_ABOUT_RETURN_TYPE = YES_ERROR;
				GCC_WARN_UNDECLARED_SELECTOR = YES;
				GCC_WARN_UNINITIALIZED_AUTOS = YES_AGGRESSIVE;
				GCC_WARN_UNUSED_FUNCTION = YES;
				GCC_WARN_UNUSED_VARIABLE = YES;
				MTL_ENABLE_DEBUG_INFO = NO;
				SDKROOT = appletvos;
				TARGETED_DEVICE_FAMILY = 3;
				TVOS_DEPLOYMENT_TARGET = 9.2;
				VALIDATE_PRODUCT = YES;
			};
			name = Release;
		};
		2AF4EF401CE18880006C2AC7 /* Debug */ = {
			isa = XCBuildConfiguration;
			buildSettings = {
				ASSETCATALOG_COMPILER_APPICON_NAME = "App Icon & Top Shelf Image";
				ASSETCATALOG_COMPILER_LAUNCHIMAGE_NAME = LaunchImage;
				CODE_SIGN_IDENTITY = "iPhone Developer";
				INFOPLIST_FILE = TISensorTag/Info.plist;
				LD_RUNPATH_SEARCH_PATHS = "$(inherited) @executable_path/Frameworks";
				PRODUCT_BUNDLE_IDENTIFIER = com.AndreMuis.TISensorTag;
				PRODUCT_NAME = "$(TARGET_NAME)";
			};
			name = Debug;
		};
		2AF4EF411CE18880006C2AC7 /* Release */ = {
			isa = XCBuildConfiguration;
			buildSettings = {
				ASSETCATALOG_COMPILER_APPICON_NAME = "App Icon & Top Shelf Image";
				ASSETCATALOG_COMPILER_LAUNCHIMAGE_NAME = LaunchImage;
				CODE_SIGN_IDENTITY = "iPhone Developer";
				INFOPLIST_FILE = TISensorTag/Info.plist;
				LD_RUNPATH_SEARCH_PATHS = "$(inherited) @executable_path/Frameworks";
				PRODUCT_BUNDLE_IDENTIFIER = com.AndreMuis.TISensorTag;
				PRODUCT_NAME = "$(TARGET_NAME)";
			};
			name = Release;
		};
/* End XCBuildConfiguration section */

/* Begin XCConfigurationList section */
		2AF4EF2B1CE18880006C2AC7 /* Build configuration list for PBXProject "TISensorTag" */ = {
			isa = XCConfigurationList;
			buildConfigurations = (
				2AF4EF3D1CE18880006C2AC7 /* Debug */,
				2AF4EF3E1CE18880006C2AC7 /* Release */,
			);
			defaultConfigurationIsVisible = 0;
			defaultConfigurationName = Release;
		};
		2AF4EF3F1CE18880006C2AC7 /* Build configuration list for PBXNativeTarget "TISensorTag" */ = {
			isa = XCConfigurationList;
			buildConfigurations = (
				2AF4EF401CE18880006C2AC7 /* Debug */,
				2AF4EF411CE18880006C2AC7 /* Release */,
			);
			defaultConfigurationIsVisible = 0;
		};
/* End XCConfigurationList section */
	};
	rootObject = 2AF4EF281CE18880006C2AC7 /* Project object */;
}
